
Microsoft Visual Studio Solution File, Format Version 12.00
# Visual Studio Version 17
VisualStudioVersion = 17.10.35122.118
MinimumVisualStudioVersion = 10.0.40219.1
Project("{FAE04EC0-301F-11D3-BF4B-00C04F79EFBC}") = "TransposeOfMatrix", "TransposeOfMatrix\TransposeOfMatrix.csproj", "{FF12F23A-9063-4072-965A-D2D680538C2B}"
EndProject
Global
	GlobalSection(SolutionConfigurationPlatforms) = preSolution
		Debug|Any CPU = Debug|Any CPU
		Release|Any CPU = Release|Any CPU
	EndGlobalSection
	GlobalSection(ProjectConfigurationPlatforms) = postSolution
		{FF12F23A-9063-4072-965A-D2D680538C2B}.Debug|Any CPU.ActiveCfg = Debug|Any CPU
		{FF12F23A-9063-4072-965A-D2D680538C2B}.Debug|Any CPU.Build.0 = Debug|Any CPU
		{FF12F23A-9063-4072-965A-D2D680538C2B}.Release|Any CPU.ActiveCfg = Release|Any CPU
		{FF12F23A-9063-4072-965A-D2D680538C2B}.Release|Any CPU.Build.0 = Release|Any CPU
	EndGlobalSection
	GlobalSection(SolutionProperties) = preSolution
		HideSolutionNode = FALSE
	EndGlobalSection
	GlobalSection(ExtensibilityGlobals) = postSolution
		SolutionGuid = {2C410BC1-3427-46E6-84B5-79B89D892AEF}
	EndGlobalSection
EndGlobal
