
Microsoft Visual Studio Solution File, Format Version 12.00
# Visual Studio Version 17
VisualStudioVersion = 17.11.35222.181
MinimumVisualStudioVersion = 10.0.40219.1
Project("{FAE04EC0-301F-11D3-BF4B-00C04F79EFBC}") = "Polymorphism_Animal_MakeSound", "Polymorphism_Animal_MakeSound\Polymorphism_Animal_MakeSound.csproj", "{03B03E8D-0EA8-436C-9E74-D131C98F1080}"
EndProject
Global
	GlobalSection(SolutionConfigurationPlatforms) = preSolution
		Debug|Any CPU = Debug|Any CPU
		Release|Any CPU = Release|Any CPU
	EndGlobalSection
	GlobalSection(ProjectConfigurationPlatforms) = postSolution
		{03B03E8D-0EA8-436C-9E74-D131C98F1080}.Debug|Any CPU.ActiveCfg = Debug|Any CPU
		{03B03E8D-0EA8-436C-9E74-D131C98F1080}.Debug|Any CPU.Build.0 = Debug|Any CPU
		{03B03E8D-0EA8-436C-9E74-D131C98F1080}.Release|Any CPU.ActiveCfg = Release|Any CPU
		{03B03E8D-0EA8-436C-9E74-D131C98F1080}.Release|Any CPU.Build.0 = Release|Any CPU
	EndGlobalSection
	GlobalSection(SolutionProperties) = preSolution
		HideSolutionNode = FALSE
	EndGlobalSection
	GlobalSection(ExtensibilityGlobals) = postSolution
		SolutionGuid = {5E1D69A2-D9C4-4E60-8B33-085E1EAA74FE}
	EndGlobalSection
EndGlobal
