
Microsoft Visual Studio Solution File, Format Version 12.00
# Visual Studio Version 17
VisualStudioVersion = 17.10.35122.118
MinimumVisualStudioVersion = 10.0.40219.1
Project("{FAE04EC0-301F-11D3-BF4B-00C04F79EFBC}") = "QuestTest4b", "QuestTest4b\QuestTest4b.csproj", "{F07539F0-E703-457B-8C96-6E770005719C}"
EndProject
Global
	GlobalSection(SolutionConfigurationPlatforms) = preSolution
		Debug|Any CPU = Debug|Any CPU
		Release|Any CPU = Release|Any CPU
	EndGlobalSection
	GlobalSection(ProjectConfigurationPlatforms) = postSolution
		{F07539F0-E703-457B-8C96-6E770005719C}.Debug|Any CPU.ActiveCfg = Debug|Any CPU
		{F07539F0-E703-457B-8C96-6E770005719C}.Debug|Any CPU.Build.0 = Debug|Any CPU
		{F07539F0-E703-457B-8C96-6E770005719C}.Release|Any CPU.ActiveCfg = Release|Any CPU
		{F07539F0-E703-457B-8C96-6E770005719C}.Release|Any CPU.Build.0 = Release|Any CPU
	EndGlobalSection
	GlobalSection(SolutionProperties) = preSolution
		HideSolutionNode = FALSE
	EndGlobalSection
	GlobalSection(ExtensibilityGlobals) = postSolution
		SolutionGuid = {71CEEB95-2356-4C2A-9F2A-1779A6C5EF9B}
	EndGlobalSection
EndGlobal
