
Microsoft Visual Studio Solution File, Format Version 12.00
# Visual Studio Version 17
VisualStudioVersion = 17.10.35122.118
MinimumVisualStudioVersion = 10.0.40219.1
Project("{FAE04EC0-301F-11D3-BF4B-00C04F79EFBC}") = "ClassHierarchyMethOverridingIF", "ClassHierarchyMethOverridingIF\ClassHierarchyMethOverridingIF.csproj", "{19771909-2A88-417D-AB9B-0E394A4C2BFF}"
EndProject
Global
	GlobalSection(SolutionConfigurationPlatforms) = preSolution
		Debug|Any CPU = Debug|Any CPU
		Release|Any CPU = Release|Any CPU
	EndGlobalSection
	GlobalSection(ProjectConfigurationPlatforms) = postSolution
		{19771909-2A88-417D-AB9B-0E394A4C2BFF}.Debug|Any CPU.ActiveCfg = Debug|Any CPU
		{19771909-2A88-417D-AB9B-0E394A4C2BFF}.Debug|Any CPU.Build.0 = Debug|Any CPU
		{19771909-2A88-417D-AB9B-0E394A4C2BFF}.Release|Any CPU.ActiveCfg = Release|Any CPU
		{19771909-2A88-417D-AB9B-0E394A4C2BFF}.Release|Any CPU.Build.0 = Release|Any CPU
	EndGlobalSection
	GlobalSection(SolutionProperties) = preSolution
		HideSolutionNode = FALSE
	EndGlobalSection
	GlobalSection(ExtensibilityGlobals) = postSolution
		SolutionGuid = {A8E9C918-0968-40CF-828F-6C825552CE5C}
	EndGlobalSection
EndGlobal
