
Microsoft Visual Studio Solution File, Format Version 12.00
# Visual Studio Version 17
VisualStudioVersion = 17.10.35122.118
MinimumVisualStudioVersion = 10.0.40219.1
Project("{FAE04EC0-301F-11D3-BF4B-00C04F79EFBC}") = "Calculator", "Calculator\Calculator.csproj", "{2ACC3C6B-4E5B-45F1-9C94-06B1177CE213}"
EndProject
Global
	GlobalSection(SolutionConfigurationPlatforms) = preSolution
		Debug|Any CPU = Debug|Any CPU
		Release|Any CPU = Release|Any CPU
	EndGlobalSection
	GlobalSection(ProjectConfigurationPlatforms) = postSolution
		{2ACC3C6B-4E5B-45F1-9C94-06B1177CE213}.Debug|Any CPU.ActiveCfg = Debug|Any CPU
		{2ACC3C6B-4E5B-45F1-9C94-06B1177CE213}.Debug|Any CPU.Build.0 = Debug|Any CPU
		{2ACC3C6B-4E5B-45F1-9C94-06B1177CE213}.Release|Any CPU.ActiveCfg = Release|Any CPU
		{2ACC3C6B-4E5B-45F1-9C94-06B1177CE213}.Release|Any CPU.Build.0 = Release|Any CPU
	EndGlobalSection
	GlobalSection(SolutionProperties) = preSolution
		HideSolutionNode = FALSE
	EndGlobalSection
	GlobalSection(ExtensibilityGlobals) = postSolution
		SolutionGuid = {DCB01204-8697-4678-BEB9-C1A92DA939C3}
	EndGlobalSection
EndGlobal
