
Microsoft Visual Studio Solution File, Format Version 12.00
# Visual Studio Version 17
VisualStudioVersion = 17.11.35222.181
MinimumVisualStudioVersion = 10.0.40219.1
Project("{FAE04EC0-301F-11D3-BF4B-00C04F79EFBC}") = "CountCharFrequency", "CountCharFrequency\CountCharFrequency.csproj", "{9BE42156-289F-4526-A19B-1D0EC90BEA29}"
EndProject
Global
	GlobalSection(SolutionConfigurationPlatforms) = preSolution
		Debug|Any CPU = Debug|Any CPU
		Release|Any CPU = Release|Any CPU
	EndGlobalSection
	GlobalSection(ProjectConfigurationPlatforms) = postSolution
		{9BE42156-289F-4526-A19B-1D0EC90BEA29}.Debug|Any CPU.ActiveCfg = Debug|Any CPU
		{9BE42156-289F-4526-A19B-1D0EC90BEA29}.Debug|Any CPU.Build.0 = Debug|Any CPU
		{9BE42156-289F-4526-A19B-1D0EC90BEA29}.Release|Any CPU.ActiveCfg = Release|Any CPU
		{9BE42156-289F-4526-A19B-1D0EC90BEA29}.Release|Any CPU.Build.0 = Release|Any CPU
	EndGlobalSection
	GlobalSection(SolutionProperties) = preSolution
		HideSolutionNode = FALSE
	EndGlobalSection
	GlobalSection(ExtensibilityGlobals) = postSolution
		SolutionGuid = {6148DB23-7C56-4BA3-9804-36B6988AE719}
	EndGlobalSection
EndGlobal
