
Microsoft Visual Studio Solution File, Format Version 12.00
# Visual Studio Version 17
VisualStudioVersion = 17.11.35222.181
MinimumVisualStudioVersion = 10.0.40219.1
Project("{FAE04EC0-301F-11D3-BF4B-00C04F79EFBC}") = "EditorWindowApp", "EditorWindowApp\EditorWindowApp.csproj", "{14C694BA-5391-4DDF-8CAE-3F5FB18CFFDD}"
EndProject
Global
	GlobalSection(SolutionConfigurationPlatforms) = preSolution
		Debug|Any CPU = Debug|Any CPU
		Release|Any CPU = Release|Any CPU
	EndGlobalSection
	GlobalSection(ProjectConfigurationPlatforms) = postSolution
		{14C694BA-5391-4DDF-8CAE-3F5FB18CFFDD}.Debug|Any CPU.ActiveCfg = Debug|Any CPU
		{14C694BA-5391-4DDF-8CAE-3F5FB18CFFDD}.Debug|Any CPU.Build.0 = Debug|Any CPU
		{14C694BA-5391-4DDF-8CAE-3F5FB18CFFDD}.Release|Any CPU.ActiveCfg = Release|Any CPU
		{14C694BA-5391-4DDF-8CAE-3F5FB18CFFDD}.Release|Any CPU.Build.0 = Release|Any CPU
	EndGlobalSection
	GlobalSection(SolutionProperties) = preSolution
		HideSolutionNode = FALSE
	EndGlobalSection
	GlobalSection(ExtensibilityGlobals) = postSolution
		SolutionGuid = {FEE8755B-7A9B-4B87-BDE3-0F8CD8AB73D5}
	EndGlobalSection
EndGlobal
