
Microsoft Visual Studio Solution File, Format Version 12.00
# Visual Studio Version 17
VisualStudioVersion = 17.11.35222.181
MinimumVisualStudioVersion = 10.0.40219.1
Project("{FAE04EC0-301F-11D3-BF4B-00C04F79EFBC}") = "Delegate_FnCheck", "Delegate_FnCheck\Delegate_FnCheck.csproj", "{77BCB1B5-5477-44AE-A343-037C61DD33BB}"
EndProject
Global
	GlobalSection(SolutionConfigurationPlatforms) = preSolution
		Debug|Any CPU = Debug|Any CPU
		Release|Any CPU = Release|Any CPU
	EndGlobalSection
	GlobalSection(ProjectConfigurationPlatforms) = postSolution
		{77BCB1B5-5477-44AE-A343-037C61DD33BB}.Debug|Any CPU.ActiveCfg = Debug|Any CPU
		{77BCB1B5-5477-44AE-A343-037C61DD33BB}.Debug|Any CPU.Build.0 = Debug|Any CPU
		{77BCB1B5-5477-44AE-A343-037C61DD33BB}.Release|Any CPU.ActiveCfg = Release|Any CPU
		{77BCB1B5-5477-44AE-A343-037C61DD33BB}.Release|Any CPU.Build.0 = Release|Any CPU
	EndGlobalSection
	GlobalSection(SolutionProperties) = preSolution
		HideSolutionNode = FALSE
	EndGlobalSection
	GlobalSection(ExtensibilityGlobals) = postSolution
		SolutionGuid = {39A1D286-0DF3-4909-AE9B-B594A8AC5F70}
	EndGlobalSection
EndGlobal
