
Microsoft Visual Studio Solution File, Format Version 12.00
# Visual Studio Version 17
VisualStudioVersion = 17.11.35222.181
MinimumVisualStudioVersion = 10.0.40219.1
Project("{FAE04EC0-301F-11D3-BF4B-00C04F79EFBC}") = "WpfCounterApp", "WpfCounterApp\WpfCounterApp.csproj", "{00AF6757-F169-4CDA-BB32-B25AA598017A}"
EndProject
Global
	GlobalSection(SolutionConfigurationPlatforms) = preSolution
		Debug|Any CPU = Debug|Any CPU
		Release|Any CPU = Release|Any CPU
	EndGlobalSection
	GlobalSection(ProjectConfigurationPlatforms) = postSolution
		{00AF6757-F169-4CDA-BB32-B25AA598017A}.Debug|Any CPU.ActiveCfg = Debug|Any CPU
		{00AF6757-F169-4CDA-BB32-B25AA598017A}.Debug|Any CPU.Build.0 = Debug|Any CPU
		{00AF6757-F169-4CDA-BB32-B25AA598017A}.Release|Any CPU.ActiveCfg = Release|Any CPU
		{00AF6757-F169-4CDA-BB32-B25AA598017A}.Release|Any CPU.Build.0 = Release|Any CPU
	EndGlobalSection
	GlobalSection(SolutionProperties) = preSolution
		HideSolutionNode = FALSE
	EndGlobalSection
	GlobalSection(ExtensibilityGlobals) = postSolution
		SolutionGuid = {5BB5AC7B-97BD-4A71-88A7-D5A41F92F85D}
	EndGlobalSection
EndGlobal
