
Microsoft Visual Studio Solution File, Format Version 12.00
# Visual Studio Version 17
VisualStudioVersion = 17.11.35222.181
MinimumVisualStudioVersion = 10.0.40219.1
Project("{FAE04EC0-301F-11D3-BF4B-00C04F79EFBC}") = "RotateGivenArrayFromSpecifiedIndex", "RotateGivenArrayFromSpecifiedIndex\RotateGivenArrayFromSpecifiedIndex.csproj", "{22CC3719-C748-49FD-B604-2E095E5CE179}"
EndProject
Global
	GlobalSection(SolutionConfigurationPlatforms) = preSolution
		Debug|Any CPU = Debug|Any CPU
		Release|Any CPU = Release|Any CPU
	EndGlobalSection
	GlobalSection(ProjectConfigurationPlatforms) = postSolution
		{22CC3719-C748-49FD-B604-2E095E5CE179}.Debug|Any CPU.ActiveCfg = Debug|Any CPU
		{22CC3719-C748-49FD-B604-2E095E5CE179}.Debug|Any CPU.Build.0 = Debug|Any CPU
		{22CC3719-C748-49FD-B604-2E095E5CE179}.Release|Any CPU.ActiveCfg = Release|Any CPU
		{22CC3719-C748-49FD-B604-2E095E5CE179}.Release|Any CPU.Build.0 = Release|Any CPU
	EndGlobalSection
	GlobalSection(SolutionProperties) = preSolution
		HideSolutionNode = FALSE
	EndGlobalSection
	GlobalSection(ExtensibilityGlobals) = postSolution
		SolutionGuid = {582949DC-844F-4E92-919A-0567184B597C}
	EndGlobalSection
EndGlobal
