
Microsoft Visual Studio Solution File, Format Version 12.00
# Visual Studio Version 17
VisualStudioVersion = 17.10.35122.118
MinimumVisualStudioVersion = 10.0.40219.1
Project("{FAE04EC0-301F-11D3-BF4B-00C04F79EFBC}") = "MatrixAddition", "MatrixAddition\MatrixAddition.csproj", "{597B3809-0386-4214-AE3C-45787492A347}"
EndProject
Global
	GlobalSection(SolutionConfigurationPlatforms) = preSolution
		Debug|Any CPU = Debug|Any CPU
		Release|Any CPU = Release|Any CPU
	EndGlobalSection
	GlobalSection(ProjectConfigurationPlatforms) = postSolution
		{597B3809-0386-4214-AE3C-45787492A347}.Debug|Any CPU.ActiveCfg = Debug|Any CPU
		{597B3809-0386-4214-AE3C-45787492A347}.Debug|Any CPU.Build.0 = Debug|Any CPU
		{597B3809-0386-4214-AE3C-45787492A347}.Release|Any CPU.ActiveCfg = Release|Any CPU
		{597B3809-0386-4214-AE3C-45787492A347}.Release|Any CPU.Build.0 = Release|Any CPU
	EndGlobalSection
	GlobalSection(SolutionProperties) = preSolution
		HideSolutionNode = FALSE
	EndGlobalSection
	GlobalSection(ExtensibilityGlobals) = postSolution
		SolutionGuid = {F24E2B09-50F5-47CE-8CFA-4184E6F53280}
	EndGlobalSection
EndGlobal
