
Microsoft Visual Studio Solution File, Format Version 12.00
# Visual Studio Version 17
VisualStudioVersion = 17.10.35122.118
MinimumVisualStudioVersion = 10.0.40219.1
Project("{FAE04EC0-301F-11D3-BF4B-00C04F79EFBC}") = "log4netDemo", "log4netDemo\log4netDemo.csproj", "{F51295F7-B644-4DE9-B862-26A97C850142}"
EndProject
Project("{FAE04EC0-301F-11D3-BF4B-00C04F79EFBC}") = "log4netDemoTests", "log4netDemoTests\log4netDemoTests.csproj", "{B29465C6-5C53-4085-9313-172C1DD09B2D}"
EndProject
Global
	GlobalSection(SolutionConfigurationPlatforms) = preSolution
		Debug|Any CPU = Debug|Any CPU
		Release|Any CPU = Release|Any CPU
	EndGlobalSection
	GlobalSection(ProjectConfigurationPlatforms) = postSolution
		{F51295F7-B644-4DE9-B862-26A97C850142}.Debug|Any CPU.ActiveCfg = Debug|Any CPU
		{F51295F7-B644-4DE9-B862-26A97C850142}.Debug|Any CPU.Build.0 = Debug|Any CPU
		{F51295F7-B644-4DE9-B862-26A97C850142}.Release|Any CPU.ActiveCfg = Release|Any CPU
		{F51295F7-B644-4DE9-B862-26A97C850142}.Release|Any CPU.Build.0 = Release|Any CPU
		{B29465C6-5C53-4085-9313-172C1DD09B2D}.Debug|Any CPU.ActiveCfg = Debug|Any CPU
		{B29465C6-5C53-4085-9313-172C1DD09B2D}.Debug|Any CPU.Build.0 = Debug|Any CPU
		{B29465C6-5C53-4085-9313-172C1DD09B2D}.Release|Any CPU.ActiveCfg = Release|Any CPU
		{B29465C6-5C53-4085-9313-172C1DD09B2D}.Release|Any CPU.Build.0 = Release|Any CPU
	EndGlobalSection
	GlobalSection(SolutionProperties) = preSolution
		HideSolutionNode = FALSE
	EndGlobalSection
	GlobalSection(ExtensibilityGlobals) = postSolution
		SolutionGuid = {5F1C2A2C-1860-4EE5-9597-C73F9843DF1A}
	EndGlobalSection
EndGlobal
