
Microsoft Visual Studio Solution File, Format Version 12.00
# Visual Studio Version 17
VisualStudioVersion = 17.10.35122.118
MinimumVisualStudioVersion = 10.0.40219.1
Project("{FAE04EC0-301F-11D3-BF4B-00C04F79EFBC}") = "Q1", "Q1\Q1.csproj", "{412B3E6E-4C35-43A4-8932-DDCC0C5C2874}"
EndProject
Project("{FAE04EC0-301F-11D3-BF4B-00C04F79EFBC}") = "Q2", "Q2\Q2.csproj", "{CB3A37A5-ED72-4C70-AC02-910AB9942A78}"
EndProject
Project("{FAE04EC0-301F-11D3-BF4B-00C04F79EFBC}") = "Q3", "Q3\Q3.csproj", "{401CB186-2C94-4E5C-AE1B-59ECB18B7076}"
EndProject
Global
	GlobalSection(SolutionConfigurationPlatforms) = preSolution
		Debug|Any CPU = Debug|Any CPU
		Release|Any CPU = Release|Any CPU
	EndGlobalSection
	GlobalSection(ProjectConfigurationPlatforms) = postSolution
		{412B3E6E-4C35-43A4-8932-DDCC0C5C2874}.Debug|Any CPU.ActiveCfg = Debug|Any CPU
		{412B3E6E-4C35-43A4-8932-DDCC0C5C2874}.Debug|Any CPU.Build.0 = Debug|Any CPU
		{412B3E6E-4C35-43A4-8932-DDCC0C5C2874}.Release|Any CPU.ActiveCfg = Release|Any CPU
		{412B3E6E-4C35-43A4-8932-DDCC0C5C2874}.Release|Any CPU.Build.0 = Release|Any CPU
		{CB3A37A5-ED72-4C70-AC02-910AB9942A78}.Debug|Any CPU.ActiveCfg = Debug|Any CPU
		{CB3A37A5-ED72-4C70-AC02-910AB9942A78}.Debug|Any CPU.Build.0 = Debug|Any CPU
		{CB3A37A5-ED72-4C70-AC02-910AB9942A78}.Release|Any CPU.ActiveCfg = Release|Any CPU
		{CB3A37A5-ED72-4C70-AC02-910AB9942A78}.Release|Any CPU.Build.0 = Release|Any CPU
		{401CB186-2C94-4E5C-AE1B-59ECB18B7076}.Debug|Any CPU.ActiveCfg = Debug|Any CPU
		{401CB186-2C94-4E5C-AE1B-59ECB18B7076}.Debug|Any CPU.Build.0 = Debug|Any CPU
		{401CB186-2C94-4E5C-AE1B-59ECB18B7076}.Release|Any CPU.ActiveCfg = Release|Any CPU
		{401CB186-2C94-4E5C-AE1B-59ECB18B7076}.Release|Any CPU.Build.0 = Release|Any CPU
	EndGlobalSection
	GlobalSection(SolutionProperties) = preSolution
		HideSolutionNode = FALSE
	EndGlobalSection
	GlobalSection(ExtensibilityGlobals) = postSolution
		SolutionGuid = {F5CF09B4-9DDC-4175-9779-949E7D95EDD9}
	EndGlobalSection
EndGlobal
