
Microsoft Visual Studio Solution File, Format Version 12.00
# Visual Studio Version 17
VisualStudioVersion = 17.10.35122.118
MinimumVisualStudioVersion = 10.0.40219.1
Project("{FAE04EC0-301F-11D3-BF4B-00C04F79EFBC}") = "IEnumerableAndIndexer", "IEnumerableAndIndexer\IEnumerableAndIndexer.csproj", "{47CA12BD-7DD6-4523-9146-1D9DDE9BF06C}"
EndProject
Global
	GlobalSection(SolutionConfigurationPlatforms) = preSolution
		Debug|Any CPU = Debug|Any CPU
		Release|Any CPU = Release|Any CPU
	EndGlobalSection
	GlobalSection(ProjectConfigurationPlatforms) = postSolution
		{47CA12BD-7DD6-4523-9146-1D9DDE9BF06C}.Debug|Any CPU.ActiveCfg = Debug|Any CPU
		{47CA12BD-7DD6-4523-9146-1D9DDE9BF06C}.Debug|Any CPU.Build.0 = Debug|Any CPU
		{47CA12BD-7DD6-4523-9146-1D9DDE9BF06C}.Release|Any CPU.ActiveCfg = Release|Any CPU
		{47CA12BD-7DD6-4523-9146-1D9DDE9BF06C}.Release|Any CPU.Build.0 = Release|Any CPU
	EndGlobalSection
	GlobalSection(SolutionProperties) = preSolution
		HideSolutionNode = FALSE
	EndGlobalSection
	GlobalSection(ExtensibilityGlobals) = postSolution
		SolutionGuid = {9AEA3C19-963F-4B3B-823A-353B142FE872}
	EndGlobalSection
EndGlobal
