
Microsoft Visual Studio Solution File, Format Version 12.00
# Visual Studio Version 17
VisualStudioVersion = 17.10.35122.118
MinimumVisualStudioVersion = 10.0.40219.1
Project("{FAE04EC0-301F-11D3-BF4B-00C04F79EFBC}") = "StringSwapCase", "StringSwapCase\StringSwapCase.csproj", "{3030DDD0-1BA1-4F0C-BF4C-25CBE75CEA05}"
EndProject
Global
	GlobalSection(SolutionConfigurationPlatforms) = preSolution
		Debug|Any CPU = Debug|Any CPU
		Release|Any CPU = Release|Any CPU
	EndGlobalSection
	GlobalSection(ProjectConfigurationPlatforms) = postSolution
		{3030DDD0-1BA1-4F0C-BF4C-25CBE75CEA05}.Debug|Any CPU.ActiveCfg = Debug|Any CPU
		{3030DDD0-1BA1-4F0C-BF4C-25CBE75CEA05}.Debug|Any CPU.Build.0 = Debug|Any CPU
		{3030DDD0-1BA1-4F0C-BF4C-25CBE75CEA05}.Release|Any CPU.ActiveCfg = Release|Any CPU
		{3030DDD0-1BA1-4F0C-BF4C-25CBE75CEA05}.Release|Any CPU.Build.0 = Release|Any CPU
	EndGlobalSection
	GlobalSection(SolutionProperties) = preSolution
		HideSolutionNode = FALSE
	EndGlobalSection
	GlobalSection(ExtensibilityGlobals) = postSolution
		SolutionGuid = {796F4739-8543-4D39-9C40-DCD5329A8E08}
	EndGlobalSection
EndGlobal
