
Microsoft Visual Studio Solution File, Format Version 12.00
# Visual Studio Version 17
VisualStudioVersion = 17.10.35122.118
MinimumVisualStudioVersion = 10.0.40219.1
Project("{FAE04EC0-301F-11D3-BF4B-00C04F79EFBC}") = "Indexer", "Indexer\Indexer.csproj", "{DEDD614D-C7B6-470C-B230-A2B4AD0681DB}"
EndProject
Global
	GlobalSection(SolutionConfigurationPlatforms) = preSolution
		Debug|Any CPU = Debug|Any CPU
		Release|Any CPU = Release|Any CPU
	EndGlobalSection
	GlobalSection(ProjectConfigurationPlatforms) = postSolution
		{DEDD614D-C7B6-470C-B230-A2B4AD0681DB}.Debug|Any CPU.ActiveCfg = Debug|Any CPU
		{DEDD614D-C7B6-470C-B230-A2B4AD0681DB}.Debug|Any CPU.Build.0 = Debug|Any CPU
		{DEDD614D-C7B6-470C-B230-A2B4AD0681DB}.Release|Any CPU.ActiveCfg = Release|Any CPU
		{DEDD614D-C7B6-470C-B230-A2B4AD0681DB}.Release|Any CPU.Build.0 = Release|Any CPU
	EndGlobalSection
	GlobalSection(SolutionProperties) = preSolution
		HideSolutionNode = FALSE
	EndGlobalSection
	GlobalSection(ExtensibilityGlobals) = postSolution
		SolutionGuid = {2390255F-42EB-46B9-9C83-0012693B86BF}
	EndGlobalSection
EndGlobal
