
Microsoft Visual Studio Solution File, Format Version 12.00
# Visual Studio Version 17
VisualStudioVersion = 17.10.35122.118
MinimumVisualStudioVersion = 10.0.40219.1
Project("{FAE04EC0-301F-11D3-BF4B-00C04F79EFBC}") = "MedicationDosageUsingLog4net", "MedicationDosageUsingLog4net\MedicationDosageUsingLog4net.csproj", "{6EEF07AB-E203-4987-9378-BA6E5FEAD373}"
EndProject
Project("{FAE04EC0-301F-11D3-BF4B-00C04F79EFBC}") = "MedicationDosageUsingLog4netTests", "MedicationDosageUsingLog4netTests\MedicationDosageUsingLog4netTests.csproj", "{CACDFA9B-C317-44BD-8001-E79F4200D131}"
EndProject
Global
	GlobalSection(SolutionConfigurationPlatforms) = preSolution
		Debug|Any CPU = Debug|Any CPU
		Release|Any CPU = Release|Any CPU
	EndGlobalSection
	GlobalSection(ProjectConfigurationPlatforms) = postSolution
		{6EEF07AB-E203-4987-9378-BA6E5FEAD373}.Debug|Any CPU.ActiveCfg = Debug|Any CPU
		{6EEF07AB-E203-4987-9378-BA6E5FEAD373}.Debug|Any CPU.Build.0 = Debug|Any CPU
		{6EEF07AB-E203-4987-9378-BA6E5FEAD373}.Release|Any CPU.ActiveCfg = Release|Any CPU
		{6EEF07AB-E203-4987-9378-BA6E5FEAD373}.Release|Any CPU.Build.0 = Release|Any CPU
		{CACDFA9B-C317-44BD-8001-E79F4200D131}.Debug|Any CPU.ActiveCfg = Debug|Any CPU
		{CACDFA9B-C317-44BD-8001-E79F4200D131}.Debug|Any CPU.Build.0 = Debug|Any CPU
		{CACDFA9B-C317-44BD-8001-E79F4200D131}.Release|Any CPU.ActiveCfg = Release|Any CPU
		{CACDFA9B-C317-44BD-8001-E79F4200D131}.Release|Any CPU.Build.0 = Release|Any CPU
	EndGlobalSection
	GlobalSection(SolutionProperties) = preSolution
		HideSolutionNode = FALSE
	EndGlobalSection
	GlobalSection(ExtensibilityGlobals) = postSolution
		SolutionGuid = {D0ADECAF-2841-47A6-991D-3E84E59D7F6D}
	EndGlobalSection
EndGlobal
