
Microsoft Visual Studio Solution File, Format Version 12.00
# Visual Studio Version 17
VisualStudioVersion = 17.10.35122.118
MinimumVisualStudioVersion = 10.0.40219.1
Project("{FAE04EC0-301F-11D3-BF4B-00C04F79EFBC}") = "PhoneBook", "PhoneBook\PhoneBook.csproj", "{D94852D1-9B1A-466C-8C14-777A264AE536}"
EndProject
Global
	GlobalSection(SolutionConfigurationPlatforms) = preSolution
		Debug|Any CPU = Debug|Any CPU
		Release|Any CPU = Release|Any CPU
	EndGlobalSection
	GlobalSection(ProjectConfigurationPlatforms) = postSolution
		{D94852D1-9B1A-466C-8C14-777A264AE536}.Debug|Any CPU.ActiveCfg = Debug|Any CPU
		{D94852D1-9B1A-466C-8C14-777A264AE536}.Debug|Any CPU.Build.0 = Debug|Any CPU
		{D94852D1-9B1A-466C-8C14-777A264AE536}.Release|Any CPU.ActiveCfg = Release|Any CPU
		{D94852D1-9B1A-466C-8C14-777A264AE536}.Release|Any CPU.Build.0 = Release|Any CPU
	EndGlobalSection
	GlobalSection(SolutionProperties) = preSolution
		HideSolutionNode = FALSE
	EndGlobalSection
	GlobalSection(ExtensibilityGlobals) = postSolution
		SolutionGuid = {23D95474-5113-4E6A-8A5E-4E0A12457598}
	EndGlobalSection
EndGlobal
