
Microsoft Visual Studio Solution File, Format Version 12.00
# Visual Studio Version 17
VisualStudioVersion = 17.10.35122.118
MinimumVisualStudioVersion = 10.0.40219.1
Project("{FAE04EC0-301F-11D3-BF4B-00C04F79EFBC}") = "Q1", "Q1\Q1.csproj", "{F3F540FF-EE4C-4D17-8977-D4360E68AA5C}"
EndProject
Project("{FAE04EC0-301F-11D3-BF4B-00C04F79EFBC}") = "Q2", "Q2\Q2.csproj", "{CF57930D-2DC7-4ECB-994B-E5989799A38D}"
EndProject
Project("{FAE04EC0-301F-11D3-BF4B-00C04F79EFBC}") = "Q3", "Q3\Q3.csproj", "{CD8A8717-88ED-4D02-B646-8A73807E91C2}"
EndProject
Global
	GlobalSection(SolutionConfigurationPlatforms) = preSolution
		Debug|Any CPU = Debug|Any CPU
		Release|Any CPU = Release|Any CPU
	EndGlobalSection
	GlobalSection(ProjectConfigurationPlatforms) = postSolution
		{F3F540FF-EE4C-4D17-8977-D4360E68AA5C}.Debug|Any CPU.ActiveCfg = Debug|Any CPU
		{F3F540FF-EE4C-4D17-8977-D4360E68AA5C}.Debug|Any CPU.Build.0 = Debug|Any CPU
		{F3F540FF-EE4C-4D17-8977-D4360E68AA5C}.Release|Any CPU.ActiveCfg = Release|Any CPU
		{F3F540FF-EE4C-4D17-8977-D4360E68AA5C}.Release|Any CPU.Build.0 = Release|Any CPU
		{CF57930D-2DC7-4ECB-994B-E5989799A38D}.Debug|Any CPU.ActiveCfg = Debug|Any CPU
		{CF57930D-2DC7-4ECB-994B-E5989799A38D}.Debug|Any CPU.Build.0 = Debug|Any CPU
		{CF57930D-2DC7-4ECB-994B-E5989799A38D}.Release|Any CPU.ActiveCfg = Release|Any CPU
		{CF57930D-2DC7-4ECB-994B-E5989799A38D}.Release|Any CPU.Build.0 = Release|Any CPU
		{CD8A8717-88ED-4D02-B646-8A73807E91C2}.Debug|Any CPU.ActiveCfg = Debug|Any CPU
		{CD8A8717-88ED-4D02-B646-8A73807E91C2}.Debug|Any CPU.Build.0 = Debug|Any CPU
		{CD8A8717-88ED-4D02-B646-8A73807E91C2}.Release|Any CPU.ActiveCfg = Release|Any CPU
		{CD8A8717-88ED-4D02-B646-8A73807E91C2}.Release|Any CPU.Build.0 = Release|Any CPU
	EndGlobalSection
	GlobalSection(SolutionProperties) = preSolution
		HideSolutionNode = FALSE
	EndGlobalSection
	GlobalSection(ExtensibilityGlobals) = postSolution
		SolutionGuid = {FB407B80-EE01-44B0-A1A9-1C3DD3433BC9}
	EndGlobalSection
EndGlobal
