
Microsoft Visual Studio Solution File, Format Version 12.00
# Visual Studio Version 17
VisualStudioVersion = 17.11.35222.181
MinimumVisualStudioVersion = 10.0.40219.1
Project("{FAE04EC0-301F-11D3-BF4B-00C04F79EFBC}") = "Adapter_Creational_DesignPattern", "Adapter_Creational_DesignPattern\Adapter_Creational_DesignPattern.csproj", "{78100D21-63D7-4318-9E74-A388DD3BE6D3}"
EndProject
Global
	GlobalSection(SolutionConfigurationPlatforms) = preSolution
		Debug|Any CPU = Debug|Any CPU
		Release|Any CPU = Release|Any CPU
	EndGlobalSection
	GlobalSection(ProjectConfigurationPlatforms) = postSolution
		{78100D21-63D7-4318-9E74-A388DD3BE6D3}.Debug|Any CPU.ActiveCfg = Debug|Any CPU
		{78100D21-63D7-4318-9E74-A388DD3BE6D3}.Debug|Any CPU.Build.0 = Debug|Any CPU
		{78100D21-63D7-4318-9E74-A388DD3BE6D3}.Release|Any CPU.ActiveCfg = Release|Any CPU
		{78100D21-63D7-4318-9E74-A388DD3BE6D3}.Release|Any CPU.Build.0 = Release|Any CPU
	EndGlobalSection
	GlobalSection(SolutionProperties) = preSolution
		HideSolutionNode = FALSE
	EndGlobalSection
	GlobalSection(ExtensibilityGlobals) = postSolution
		SolutionGuid = {472620E8-323E-440E-8F12-FE366C3EC94E}
	EndGlobalSection
EndGlobal
